
Microsoft Visual Studio Solution File, Format Version 12.00
# Visual Studio 14
VisualStudioVersion = 14.0.25420.1
MinimumVisualStudioVersion = 10.0.40219.1
Project("{FAE04EC0-301F-11D3-BF4B-00C04F79EFBC}") = "SpotzWeb", "SpotzWeb\SpotzWeb.csproj", "{BCA3DBC4-611C-424B-9E72-932C65F15236}"
EndProject
Project("{FAE04EC0-301F-11D3-BF4B-00C04F79EFBC}") = "SpotzDroid", "SpotzDroid\SpotzDroid.csproj", "{2C513FFC-4C9D-4D6C-8D0E-876E53720444}"
EndProject
Global
	GlobalSection(SolutionConfigurationPlatforms) = preSolution
		Debug|Any CPU = Debug|Any CPU
		Release|Any CPU = Release|Any CPU
	EndGlobalSection
	GlobalSection(ProjectConfigurationPlatforms) = postSolution
		{BCA3DBC4-611C-424B-9E72-932C65F15236}.Debug|Any CPU.ActiveCfg = Debug|Any CPU
		{BCA3DBC4-611C-424B-9E72-932C65F15236}.Debug|Any CPU.Build.0 = Debug|Any CPU
		{BCA3DBC4-611C-424B-9E72-932C65F15236}.Release|Any CPU.ActiveCfg = Release|Any CPU
		{BCA3DBC4-611C-424B-9E72-932C65F15236}.Release|Any CPU.Build.0 = Release|Any CPU
		{2C513FFC-4C9D-4D6C-8D0E-876E53720444}.Debug|Any CPU.ActiveCfg = Debug|Any CPU
		{2C513FFC-4C9D-4D6C-8D0E-876E53720444}.Debug|Any CPU.Build.0 = Debug|Any CPU
		{2C513FFC-4C9D-4D6C-8D0E-876E53720444}.Debug|Any CPU.Deploy.0 = Debug|Any CPU
		{2C513FFC-4C9D-4D6C-8D0E-876E53720444}.Release|Any CPU.ActiveCfg = Release|Any CPU
		{2C513FFC-4C9D-4D6C-8D0E-876E53720444}.Release|Any CPU.Build.0 = Release|Any CPU
		{2C513FFC-4C9D-4D6C-8D0E-876E53720444}.Release|Any CPU.Deploy.0 = Release|Any CPU
	EndGlobalSection
	GlobalSection(SolutionProperties) = preSolution
		HideSolutionNode = FALSE
	EndGlobalSection
EndGlobal
